
Microsoft Visual Studio Solution File, Format Version 12.00
# Visual Studio Version 17
VisualStudioVersion = 17.6.33829.357
MinimumVisualStudioVersion = 10.0.40219.1
Project("{FAE04EC0-301F-11D3-BF4B-00C04F79EFBC}") = "cad2", "cad2\cad2.csproj", "{BBC12EA4-2BD1-4128-AC08-745B856CD6D8}"
EndProject
Global
	GlobalSection(SolutionConfigurationPlatforms) = preSolution
		Debug|Any CPU = Debug|Any CPU
		Release|Any CPU = Release|Any CPU
	EndGlobalSection
	GlobalSection(ProjectConfigurationPlatforms) = postSolution
		{BBC12EA4-2BD1-4128-AC08-745B856CD6D8}.Debug|Any CPU.ActiveCfg = Debug|Any CPU
		{BBC12EA4-2BD1-4128-AC08-745B856CD6D8}.Debug|Any CPU.Build.0 = Debug|Any CPU
		{BBC12EA4-2BD1-4128-AC08-745B856CD6D8}.Release|Any CPU.ActiveCfg = Release|Any CPU
		{BBC12EA4-2BD1-4128-AC08-745B856CD6D8}.Release|Any CPU.Build.0 = Release|Any CPU
	EndGlobalSection
	GlobalSection(SolutionProperties) = preSolution
		HideSolutionNode = FALSE
	EndGlobalSection
	GlobalSection(ExtensibilityGlobals) = postSolution
		SolutionGuid = {A4713DE4-00F1-4ABB-89F6-A0E3DFFF77EA}
	EndGlobalSection
EndGlobal
