
Microsoft Visual Studio Solution File, Format Version 12.00
# Visual Studio Version 17
VisualStudioVersion = 17.6.33829.357
MinimumVisualStudioVersion = 10.0.40219.1
Project("{FAE04EC0-301F-11D3-BF4B-00C04F79EFBC}") = "TraningCAdAPi", "TraningCAdAPi\TraningCAdAPi.csproj", "{BD4DDFEE-CFE7-4DDF-B344-C3109AAF1836}"
EndProject
Global
	GlobalSection(SolutionConfigurationPlatforms) = preSolution
		Debug|Any CPU = Debug|Any CPU
		Release|Any CPU = Release|Any CPU
	EndGlobalSection
	GlobalSection(ProjectConfigurationPlatforms) = postSolution
		{BD4DDFEE-CFE7-4DDF-B344-C3109AAF1836}.Debug|Any CPU.ActiveCfg = Debug|Any CPU
		{BD4DDFEE-CFE7-4DDF-B344-C3109AAF1836}.Debug|Any CPU.Build.0 = Debug|Any CPU
		{BD4DDFEE-CFE7-4DDF-B344-C3109AAF1836}.Release|Any CPU.ActiveCfg = Release|Any CPU
		{BD4DDFEE-CFE7-4DDF-B344-C3109AAF1836}.Release|Any CPU.Build.0 = Release|Any CPU
	EndGlobalSection
	GlobalSection(SolutionProperties) = preSolution
		HideSolutionNode = FALSE
	EndGlobalSection
	GlobalSection(ExtensibilityGlobals) = postSolution
		SolutionGuid = {A112F583-FB71-4B6B-BB99-386C44AB0820}
	EndGlobalSection
EndGlobal
